
Microsoft Visual Studio Solution File, Format Version 12.00
# Visual Studio Version 17
VisualStudioVersion = 17.2.32616.157
MinimumVisualStudioVersion = 10.0.40219.1
Project("{FAE04EC0-301F-11D3-BF4B-00C04F79EFBC}") = "Konfolusi Dan Image Filtering", "Konfolusi Dan Image Filtering\Konfolusi Dan Image Filtering.csproj", "{0B9860ED-A00F-4091-AE74-AFB2F7484767}"
EndProject
Global
	GlobalSection(SolutionConfigurationPlatforms) = preSolution
		Debug|Any CPU = Debug|Any CPU
		Release|Any CPU = Release|Any CPU
	EndGlobalSection
	GlobalSection(ProjectConfigurationPlatforms) = postSolution
		{0B9860ED-A00F-4091-AE74-AFB2F7484767}.Debug|Any CPU.ActiveCfg = Debug|Any CPU
		{0B9860ED-A00F-4091-AE74-AFB2F7484767}.Debug|Any CPU.Build.0 = Debug|Any CPU
		{0B9860ED-A00F-4091-AE74-AFB2F7484767}.Release|Any CPU.ActiveCfg = Release|Any CPU
		{0B9860ED-A00F-4091-AE74-AFB2F7484767}.Release|Any CPU.Build.0 = Release|Any CPU
	EndGlobalSection
	GlobalSection(SolutionProperties) = preSolution
		HideSolutionNode = FALSE
	EndGlobalSection
	GlobalSection(ExtensibilityGlobals) = postSolution
		SolutionGuid = {A435D95C-4FD1-45CA-A903-D70DC7A299B8}
	EndGlobalSection
EndGlobal
